dependencies:
- name: dagster-user-deployments
  repository: ""
  version: 0.0.1-dev
- name: postgresql
  repository: https://charts.bitnami.com/bitnami
  version: 16.7.15
- name: rabbitmq
  repository: https://charts.bitnami.com/bitnami
  version: 16.0.10
- name: redis
  repository: https://charts.bitnami.com/bitnami
  version: 21.2.6
digest: sha256:0227601e8b918421b1488a307d67b4488b61e6dca736af9a5a6d274eeed3e853
generated: "2025-07-04T10:44:53.319062-03:00"
